
Microsoft Visual Studio Solution File, Format Version 12.00
# Visual Studio Version 17
VisualStudioVersion = 17.9.34728.123
MinimumVisualStudioVersion = 10.0.40219.1
Project("{FAE04EC0-301F-11D3-BF4B-00C04F79EFBC}") = "Classe1Q4", "Classe1Q4\Classe1Q4.csproj", "{50854B82-A280-40CA-A935-0E4F238F7DC2}"
EndProject
Global
	GlobalSection(SolutionConfigurationPlatforms) = preSolution
		Debug|Any CPU = Debug|Any CPU
		Release|Any CPU = Release|Any CPU
	EndGlobalSection
	GlobalSection(ProjectConfigurationPlatforms) = postSolution
		{50854B82-A280-40CA-A935-0E4F238F7DC2}.Debug|Any CPU.ActiveCfg = Debug|Any CPU
		{50854B82-A280-40CA-A935-0E4F238F7DC2}.Debug|Any CPU.Build.0 = Debug|Any CPU
		{50854B82-A280-40CA-A935-0E4F238F7DC2}.Release|Any CPU.ActiveCfg = Release|Any CPU
		{50854B82-A280-40CA-A935-0E4F238F7DC2}.Release|Any CPU.Build.0 = Release|Any CPU
	EndGlobalSection
	GlobalSection(SolutionProperties) = preSolution
		HideSolutionNode = FALSE
	EndGlobalSection
	GlobalSection(ExtensibilityGlobals) = postSolution
		SolutionGuid = {AE25E2F2-A031-49E7-80B7-295A267BA414}
	EndGlobalSection
EndGlobal
